Microsoft Visual Studio Solution File, Format Version 12.00
# Visual Studio 2012
Project("{FAE04EC0-301F-11D3-BF4B-00C04F79EFBC}") = "Fire_emblem_esq_testing", "Fire_emblem_esq_testing.csproj", "{63233591-3011-42FF-8359-1F70DA19BDA0}"
EndProject
Global
	GlobalSection(SolutionConfigurationPlatforms) = preSolution
	Debug|Any CPU = Debug|Any CPU
	ExportDebug|Any CPU = ExportDebug|Any CPU
	ExportRelease|Any CPU = ExportRelease|Any CPU
	EndGlobalSection
	GlobalSection(ProjectConfigurationPlatforms) = postSolution
		{63233591-3011-42FF-8359-1F70DA19BDA0}.Debug|Any CPU.ActiveCfg = Debug|Any CPU
		{63233591-3011-42FF-8359-1F70DA19BDA0}.Debug|Any CPU.Build.0 = Debug|Any CPU
		{63233591-3011-42FF-8359-1F70DA19BDA0}.ExportDebug|Any CPU.ActiveCfg = ExportDebug|Any CPU
		{63233591-3011-42FF-8359-1F70DA19BDA0}.ExportDebug|Any CPU.Build.0 = ExportDebug|Any CPU
		{63233591-3011-42FF-8359-1F70DA19BDA0}.ExportRelease|Any CPU.ActiveCfg = ExportRelease|Any CPU
		{63233591-3011-42FF-8359-1F70DA19BDA0}.ExportRelease|Any CPU.Build.0 = ExportRelease|Any CPU
	EndGlobalSection
EndGlobal
